
Microsoft Visual Studio Solution File, Format Version 12.00
# Visual Studio 14
VisualStudioVersion = 14.0.25420.1
MinimumVisualStudioVersion = 10.0.40219.1
Project("{FAE04EC0-301F-11D3-BF4B-00C04F79EFBC}") = "Proposal", "Proposal\Proposal.csproj", "{EAC9F0C9-D023-4A21-89DA-75C9BCA799CD}"
EndProject
Project("{FAE04EC0-301F-11D3-BF4B-00C04F79EFBC}") = "Proposal.Tests", "Proposal.Tests\Proposal.Tests.csproj", "{B786F743-BEC4-467F-999B-308B3254BDE6}"
EndProject
Project("{FAE04EC0-301F-11D3-BF4B-00C04F79EFBC}") = "Proposal.Repository", "Proposal.Repository\Proposal.Repository.csproj", "{0C6D44EC-4895-4EB6-B24C-3DAA8BB83856}"
EndProject
Project("{FAE04EC0-301F-11D3-BF4B-00C04F79EFBC}") = "Proposal.Models", "Proposal.Models\Proposal.Models.csproj", "{A3006FE3-96F4-4825-B2EE-3DEEF213B422}"
EndProject
Global
	GlobalSection(SolutionConfigurationPlatforms) = preSolution
		Debug|Any CPU = Debug|Any CPU
		Release|Any CPU = Release|Any CPU
	EndGlobalSection
	GlobalSection(ProjectConfigurationPlatforms) = postSolution
		{EAC9F0C9-D023-4A21-89DA-75C9BCA799CD}.Debug|Any CPU.ActiveCfg = Debug|Any CPU
		{EAC9F0C9-D023-4A21-89DA-75C9BCA799CD}.Debug|Any CPU.Build.0 = Debug|Any CPU
		{EAC9F0C9-D023-4A21-89DA-75C9BCA799CD}.Release|Any CPU.ActiveCfg = Release|Any CPU
		{EAC9F0C9-D023-4A21-89DA-75C9BCA799CD}.Release|Any CPU.Build.0 = Release|Any CPU
		{B786F743-BEC4-467F-999B-308B3254BDE6}.Debug|Any CPU.ActiveCfg = Debug|Any CPU
		{B786F743-BEC4-467F-999B-308B3254BDE6}.Debug|Any CPU.Build.0 = Debug|Any CPU
		{B786F743-BEC4-467F-999B-308B3254BDE6}.Release|Any CPU.ActiveCfg = Release|Any CPU
		{B786F743-BEC4-467F-999B-308B3254BDE6}.Release|Any CPU.Build.0 = Release|Any CPU
		{0C6D44EC-4895-4EB6-B24C-3DAA8BB83856}.Debug|Any CPU.ActiveCfg = Debug|Any CPU
		{0C6D44EC-4895-4EB6-B24C-3DAA8BB83856}.Debug|Any CPU.Build.0 = Debug|Any CPU
		{0C6D44EC-4895-4EB6-B24C-3DAA8BB83856}.Release|Any CPU.ActiveCfg = Release|Any CPU
		{0C6D44EC-4895-4EB6-B24C-3DAA8BB83856}.Release|Any CPU.Build.0 = Release|Any CPU
		{A3006FE3-96F4-4825-B2EE-3DEEF213B422}.Debug|Any CPU.ActiveCfg = Debug|Any CPU
		{A3006FE3-96F4-4825-B2EE-3DEEF213B422}.Debug|Any CPU.Build.0 = Debug|Any CPU
		{A3006FE3-96F4-4825-B2EE-3DEEF213B422}.Release|Any CPU.ActiveCfg = Release|Any CPU
		{A3006FE3-96F4-4825-B2EE-3DEEF213B422}.Release|Any CPU.Build.0 = Release|Any CPU
	EndGlobalSection
	GlobalSection(SolutionProperties) = preSolution
		HideSolutionNode = FALSE
	EndGlobalSection
EndGlobal
